
Microsoft Visual Studio Solution File, Format Version 12.00
# Visual Studio 15
VisualStudioVersion = 15.0.26430.6
MinimumVisualStudioVersion = 10.0.40219.1
Project("{8BC9CEB8-8B4A-11D0-8D11-00A0C91BC942}") = "MysqlConnector", "MysqlConnector\MysqlConnector.vcxproj", "{ABAECC24-D3B5-44F4-919F-131546ED4F7A}"
EndProject
Project("{8BC9CEB8-8B4A-11D0-8D11-00A0C91BC942}") = "Sample", "Sample\Sample.vcxproj", "{83EE96E1-3CA5-4501-AEE6-3CBF54BD3540}"
EndProject
Global
	GlobalSection(SolutionConfigurationPlatforms) = preSolution
		Debug|x64 = Debug|x64
		Debug|x86 = Debug|x86
		Release|x64 = Release|x64
		Release|x86 = Release|x86
	EndGlobalSection
	GlobalSection(ProjectConfigurationPlatforms) = postSolution
		{ABAECC24-D3B5-44F4-919F-131546ED4F7A}.Debug|x64.ActiveCfg = Debug|x64
		{ABAECC24-D3B5-44F4-919F-131546ED4F7A}.Debug|x64.Build.0 = Debug|x64
		{ABAECC24-D3B5-44F4-919F-131546ED4F7A}.Debug|x86.ActiveCfg = Debug|Win32
		{ABAECC24-D3B5-44F4-919F-131546ED4F7A}.Debug|x86.Build.0 = Debug|Win32
		{ABAECC24-D3B5-44F4-919F-131546ED4F7A}.Release|x64.ActiveCfg = Release|x64
		{ABAECC24-D3B5-44F4-919F-131546ED4F7A}.Release|x64.Build.0 = Release|x64
		{ABAECC24-D3B5-44F4-919F-131546ED4F7A}.Release|x86.ActiveCfg = Release|Win32
		{ABAECC24-D3B5-44F4-919F-131546ED4F7A}.Release|x86.Build.0 = Release|Win32
		{83EE96E1-3CA5-4501-AEE6-3CBF54BD3540}.Debug|x64.ActiveCfg = Debug|x64
		{83EE96E1-3CA5-4501-AEE6-3CBF54BD3540}.Debug|x64.Build.0 = Debug|x64
		{83EE96E1-3CA5-4501-AEE6-3CBF54BD3540}.Debug|x86.ActiveCfg = Debug|Win32
		{83EE96E1-3CA5-4501-AEE6-3CBF54BD3540}.Debug|x86.Build.0 = Debug|Win32
		{83EE96E1-3CA5-4501-AEE6-3CBF54BD3540}.Release|x64.ActiveCfg = Release|x64
		{83EE96E1-3CA5-4501-AEE6-3CBF54BD3540}.Release|x64.Build.0 = Release|x64
		{83EE96E1-3CA5-4501-AEE6-3CBF54BD3540}.Release|x86.ActiveCfg = Release|Win32
		{83EE96E1-3CA5-4501-AEE6-3CBF54BD3540}.Release|x86.Build.0 = Release|Win32
	EndGlobalSection
	GlobalSection(SolutionProperties) = preSolution
		HideSolutionNode = FALSE
	EndGlobalSection
EndGlobal
